PODS:
  - FlutterMacOS (1.0.0)
  - transparent_window (0.0.1):
    - FlutterMacOS
  - url_launcher_macos (0.0.1):
    - FlutterMacOS
  - window_to_front (0.0.1):
    - FlutterMacOS

DEPENDENCIES:
  - FlutterMacOS (from `Flutter/ephemeral`)
  - transparent_window (from `Flutter/ephemeral/.symlinks/plugins/transparent_window/macos`)
  - url_launcher_macos (from `Flutter/ephemeral/.symlinks/plugins/url_launcher_macos/macos`)
  - window_to_front (from `Flutter/ephemeral/.symlinks/plugins/window_to_front/macos`)

EXTERNAL SOURCES:
  FlutterMacOS:
    :path: Flutter/ephemeral
  transparent_window:
    :path: Flutter/ephemeral/.symlinks/plugins/transparent_window/macos
  url_launcher_macos:
    :path: Flutter/ephemeral/.symlinks/plugins/url_launcher_macos/macos
  window_to_front:
    :path: Flutter/ephemeral/.symlinks/plugins/window_to_front/macos

SPEC CHECKSUMS:
  FlutterMacOS: 8f6f14fa908a6fb3fba0cd85dbd81ec4b251fb24
  transparent_window: d374d5278d2f6d8b429a69c12a789cad329d1799
  url_launcher_macos: d2691c7dd33ed713bf3544850a623080ec693d95
  window_to_front: 7662b5b0b260707d71f9bc26383a6328c4f13ceb

PODFILE CHECKSUM: 236401fc2c932af29a9fcf0e97baeeb2d750d367

COCOAPODS: 1.12.1
